
Microsoft Visual Studio Solution File, Format Version 12.00
# Visual Studio 15
VisualStudioVersion = 15.0.26124.0
MinimumVisualStudioVersion = 15.0.26124.0
Project("{9A19103F-16F7-4668-BE54-9A1E7A4F7556}") = "Yakbak", "src\yakbak\Yakbak.csproj", "{75E0B9C0-8283-4724-B2E4-C6B5DBD7632E}"
EndProject
Global
	GlobalSection(SolutionConfigurationPlatforms) = preSolution
		Debug|Any CPU = Debug|Any CPU
		Release|Any CPU = Release|Any CPU
	EndGlobalSection
	GlobalSection(ProjectConfigurationPlatforms) = postSolution
		{75E0B9C0-8283-4724-B2E4-C6B5DBD7632E}.Debug|Any CPU.ActiveCfg = Debug|Any CPU
		{75E0B9C0-8283-4724-B2E4-C6B5DBD7632E}.Debug|Any CPU.Build.0 = Debug|Any CPU
		{75E0B9C0-8283-4724-B2E4-C6B5DBD7632E}.Release|Any CPU.ActiveCfg = Release|Any CPU
		{75E0B9C0-8283-4724-B2E4-C6B5DBD7632E}.Release|Any CPU.Build.0 = Release|Any CPU
	EndGlobalSection
	GlobalSection(SolutionProperties) = preSolution
		HideSolutionNode = FALSE
	EndGlobalSection
	GlobalSection(ExtensibilityGlobals) = postSolution
		SolutionGuid = {D18837D8-B650-4B40-9585-23FEB578D906}
	EndGlobalSection
EndGlobal
